
Microsoft Visual Studio Solution File, Format Version 12.00
# Visual Studio Version 17
VisualStudioVersion = 17.5.33424.131
MinimumVisualStudioVersion = 10.0.40219.1
Project("{FAE04EC0-301F-11D3-BF4B-00C04F79EFBC}") = "Calculator", "Calculator.csproj", "{D7393F7A-0B60-4603-AD4D-2C79A45ADD27}"
EndProject
Global
	GlobalSection(SolutionConfigurationPlatforms) = preSolution
		Debug|Any CPU = Debug|Any CPU
		Release|Any CPU = Release|Any CPU
	EndGlobalSection
	GlobalSection(ProjectConfigurationPlatforms) = postSolution
		{D7393F7A-0B60-4603-AD4D-2C79A45ADD27}.Debug|Any CPU.ActiveCfg = Debug|Any CPU
		{D7393F7A-0B60-4603-AD4D-2C79A45ADD27}.Debug|Any CPU.Build.0 = Debug|Any CPU
		{D7393F7A-0B60-4603-AD4D-2C79A45ADD27}.Release|Any CPU.ActiveCfg = Release|Any CPU
		{D7393F7A-0B60-4603-AD4D-2C79A45ADD27}.Release|Any CPU.Build.0 = Release|Any CPU
	EndGlobalSection
	GlobalSection(SolutionProperties) = preSolution
		HideSolutionNode = FALSE
	EndGlobalSection
	GlobalSection(ExtensibilityGlobals) = postSolution
		SolutionGuid = {70B16362-37D1-44D3-9CF1-DF12C42B51D2}
	EndGlobalSection
EndGlobal
